# THIS IS AN AUTOGENERATED FILE. DO NOT EDIT THIS FILE DIRECTLY.
# yarn lockfile v1


flight-recorder-manufacturers@^1.0.1:
  version "1.1.0"
  resolved "https://registry.yarnpkg.com/flight-recorder-manufacturers/-/flight-recorder-manufacturers-1.1.0.tgz#66639d5d3f33cdac147e3fe35a7011a899b505f9"
  integrity sha1-ZmOdXT8zzawUfj/jWnARqJm1Bfk=

igc-parser@^1.0.0:
  version "1.0.0"
  resolved "https://registry.yarnpkg.com/igc-parser/-/igc-parser-1.0.0.tgz#75e0ba26f5b5d5983ca620d06d6fe80d23149b30"
  integrity sha512-Cdn2d4f47vnJtBCwio172Aeld39yUHbH9eIkvPueJcyamDtjddVDpvwv0NxUrGhV5TOyLPFo5bKJG544gA5TyQ==
  dependencies:
    flight-recorder-manufacturers "^1.0.1"
