lockfileVersion: '6.0'

settings:
  autoInstallPeers: true
  excludeLinksFromLockfile: false

dependencies:
  igc-parser:
    specifier: ~1.1.0
    version: 1.1.0

packages:

  /flight-recorder-manufacturers@2.0.0:
    resolution: {integrity: sha512-FhSY7XslPkhYGdBBVRLLExoKqiLWbKuxPEx3O3a443hp8VOrcvE+ibibigVplQbaNipVG3pSPTZPTFJPIfcO8Q==}
    engines: {node: '>=12'}
    dev: false

  /igc-parser@1.1.0:
    resolution: {integrity: sha512-CJGWiCcCCxNSI3Pt0zbllHNekEp2NOVCgDysg5/7FuW/uXUUDiW+AcZWSwRwvtRQxnYf+Sn7mQmYKLWQfVSATA==}
    engines: {node: '>=12'}
    dependencies:
      flight-recorder-manufacturers: 2.0.0
    dev: false
