# THIS IS AN AUTOGENERATED FILE. DO NOT EDIT THIS FILE DIRECTLY.
# yarn lockfile v1


flight-recorder-manufacturers@^2.0.0:
  version "2.0.0"
  resolved "https://registry.yarnpkg.com/flight-recorder-manufacturers/-/flight-recorder-manufacturers-2.0.0.tgz#b396a40ffcf3323572cae2289cce9793c999cc5d"
  integrity sha512-FhSY7XslPkhYGdBBVRLLExoKqiLWbKuxPEx3O3a443hp8VOrcvE+ibibigVplQbaNipVG3pSPTZPTFJPIfcO8Q==

igc-parser@1.x:
  version "1.1.0"
  resolved "https://registry.yarnpkg.com/igc-parser/-/igc-parser-1.1.0.tgz#29546737b27110f78ab44e174780f60d59b63072"
  integrity sha512-CJGWiCcCCxNSI3Pt0zbllHNekEp2NOVCgDysg5/7FuW/uXUUDiW+AcZWSwRwvtRQxnYf+Sn7mQmYKLWQfVSATA==
  dependencies:
    flight-recorder-manufacturers "^2.0.0"
